
Microsoft Visual Studio Solution File, Format Version 12.00
# Visual Studio 15
VisualStudioVersion = 15.0.28010.2016
MinimumVisualStudioVersion = 10.0.40219.1
Project("{2150E333-8FDC-42A3-9474-1A3956D46DE8}") = "Tests", "Tests", "{369F837B-4798-4E2E-8950-87A66CAF8084}"
EndProject
Project("{FAE04EC0-301F-11D3-BF4B-00C04F79EFBC}") = "ESFA.DC.EAS1920.Database.Test", "ESFA.DC.EAS1920.Database.Test\ESFA.DC.EAS1920.Database.Test.csproj", "{01115711-9D18-441D-8922-60529DC63933}"
EndProject
Project("{00D1A9C2-B5F0-4AF3-8072-F6C62B433612}") = "ESFA.DC.EAS1920.Database", "ESFA.DC.EAS1920.Database\ESFA.DC.EAS1920.Database.sqlproj", "{626129AD-85B9-4DE4-AE02-68E8A0F6D903}"
EndProject
Project("{9A19103F-16F7-4668-BE54-9A1E7A4F7556}") = "ESFA.DC.EAS1920.EF", "ESFA.DC.EAS1920.EF\ESFA.DC.EAS1920.EF.csproj", "{C33F7FDA-71C0-4A46-841B-6D2DE42641D2}"
EndProject
Project("{9A19103F-16F7-4668-BE54-9A1E7A4F7556}") = "ESFA.DC.EAS1920.EF.Console", "ESFA.DC.EAS1920.EF.Console\ESFA.DC.EAS1920.EF.Console.csproj", "{F4A000CF-623B-449F-B36E-0098674A3EF3}"
EndProject
Project("{9A19103F-16F7-4668-BE54-9A1E7A4F7556}") = "ESFA.DC.EAS.Interface", "ESFA.DC.EAS.Interface\ESFA.DC.EAS.Interface.csproj", "{4C2F8C43-A652-419E-B9F3-C12E5B512C9D}"
EndProject
Project("{9A19103F-16F7-4668-BE54-9A1E7A4F7556}") = "ESFA.DC.EAS.Model", "ESFA.DC.EAS.Model\ESFA.DC.EAS.Model.csproj", "{124D2B15-B4D6-4D48-8A01-D7C2894F8486}"
EndProject
Project("{9A19103F-16F7-4668-BE54-9A1E7A4F7556}") = "ESFA.DC.EAS.Common", "ESFA.DC.EAS.Common\ESFA.DC.EAS.Common.csproj", "{3AEB386A-664B-4E5F-B6C9-D65BA5FF7AF1}"
EndProject
Project("{9A19103F-16F7-4668-BE54-9A1E7A4F7556}") = "ESFA.DC.EAS.DataService.Interface", "ESFA.DC.EAS.DataService.Interface\ESFA.DC.EAS.DataService.Interface.csproj", "{21B570CA-1D1C-4105-BBB8-1D86DE35D1DD}"
EndProject
Project("{9A19103F-16F7-4668-BE54-9A1E7A4F7556}") = "ESFA.DC.EAS.DataService", "ESFA.DC.EAS.DataService\ESFA.DC.EAS.DataService.csproj", "{1901C6A0-AB8E-4257-ABB7-3313FDCD8B1D}"
EndProject
Project("{FAE04EC0-301F-11D3-BF4B-00C04F79EFBC}") = "ESFA.DC.EAS.DataService.Test", "ESFA.DC.EAS.DataService.Test\ESFA.DC.EAS.DataService.Test.csproj", "{1E5BC858-1164-4758-A5AD-453A042A6A8D}"
EndProject
Project("{FAE04EC0-301F-11D3-BF4B-00C04F79EFBC}") = "ESFA.DC.EAS.ValidationService", "ESFA.DC.EAS.ValidationService\ESFA.DC.EAS.ValidationService.csproj", "{BA112A6E-65CB-4434-894D-627EE26D55A7}"
EndProject
Project("{FAE04EC0-301F-11D3-BF4B-00C04F79EFBC}") = "ESFA.DC.EAS.ValidationService.Test", "ESFA.DC.EAS.ValidationService.Test\ESFA.DC.EAS.ValidationService.Test.csproj", "{0CF36DEE-6FC1-4931-8336-D7D3EB0048C4}"
EndProject
Project("{FAE04EC0-301F-11D3-BF4B-00C04F79EFBC}") = "ESFA.DC.EAS.Tests.Base", "ESFA.DC.EAS.Tests.Base\ESFA.DC.EAS.Tests.Base.csproj", "{26C4B39E-57CC-4122-8984-4B1F41374A35}"
EndProject
Project("{FAE04EC0-301F-11D3-BF4B-00C04F79EFBC}") = "ESFA.DC.EAS.Service", "ESFA.DC.EAS.Service\ESFA.DC.EAS.Service.csproj", "{28155161-FBDA-40B9-B403-7AD45E7D6EF8}"
EndProject
Project("{FAE04EC0-301F-11D3-BF4B-00C04F79EFBC}") = "ESFA.DC.EAS.Service.Test", "ESFA.DC.EAS.Service.Test\ESFA.DC.EAS.Service.Test.csproj", "{407B9254-6E55-4F5A-BB37-EBD70E9A643C}"
EndProject
Project("{FAE04EC0-301F-11D3-BF4B-00C04F79EFBC}") = "ESFA.DC.EAS.ReportingService", "ESFA.DC.EAS.ReportingService\ESFA.DC.EAS.ReportingService.csproj", "{E645AF83-4D6A-4AC0-A9DE-0105DC0C45C9}"
EndProject
Global
	GlobalSection(SolutionConfigurationPlatforms) = preSolution
		Debug|Any CPU = Debug|Any CPU
		Release|Any CPU = Release|Any CPU
	EndGlobalSection
	GlobalSection(ProjectConfigurationPlatforms) = postSolution
		{01115711-9D18-441D-8922-60529DC63933}.Debug|Any CPU.ActiveCfg = Debug|Any CPU
		{01115711-9D18-441D-8922-60529DC63933}.Debug|Any CPU.Build.0 = Debug|Any CPU
		{01115711-9D18-441D-8922-60529DC63933}.Release|Any CPU.ActiveCfg = Release|Any CPU
		{01115711-9D18-441D-8922-60529DC63933}.Release|Any CPU.Build.0 = Release|Any CPU
		{626129AD-85B9-4DE4-AE02-68E8A0F6D903}.Debug|Any CPU.ActiveCfg = Debug|Any CPU
		{626129AD-85B9-4DE4-AE02-68E8A0F6D903}.Debug|Any CPU.Build.0 = Debug|Any CPU
		{626129AD-85B9-4DE4-AE02-68E8A0F6D903}.Debug|Any CPU.Deploy.0 = Debug|Any CPU
		{626129AD-85B9-4DE4-AE02-68E8A0F6D903}.Release|Any CPU.ActiveCfg = Release|Any CPU
		{626129AD-85B9-4DE4-AE02-68E8A0F6D903}.Release|Any CPU.Build.0 = Release|Any CPU
		{626129AD-85B9-4DE4-AE02-68E8A0F6D903}.Release|Any CPU.Deploy.0 = Release|Any CPU
		{C33F7FDA-71C0-4A46-841B-6D2DE42641D2}.Debug|Any CPU.ActiveCfg = Debug|Any CPU
		{C33F7FDA-71C0-4A46-841B-6D2DE42641D2}.Debug|Any CPU.Build.0 = Debug|Any CPU
		{C33F7FDA-71C0-4A46-841B-6D2DE42641D2}.Release|Any CPU.ActiveCfg = Release|Any CPU
		{C33F7FDA-71C0-4A46-841B-6D2DE42641D2}.Release|Any CPU.Build.0 = Release|Any CPU
		{F4A000CF-623B-449F-B36E-0098674A3EF3}.Debug|Any CPU.ActiveCfg = Debug|Any CPU
		{F4A000CF-623B-449F-B36E-0098674A3EF3}.Debug|Any CPU.Build.0 = Debug|Any CPU
		{F4A000CF-623B-449F-B36E-0098674A3EF3}.Release|Any CPU.ActiveCfg = Release|Any CPU
		{F4A000CF-623B-449F-B36E-0098674A3EF3}.Release|Any CPU.Build.0 = Release|Any CPU
		{4C2F8C43-A652-419E-B9F3-C12E5B512C9D}.Debug|Any CPU.ActiveCfg = Debug|Any CPU
		{4C2F8C43-A652-419E-B9F3-C12E5B512C9D}.Debug|Any CPU.Build.0 = Debug|Any CPU
		{4C2F8C43-A652-419E-B9F3-C12E5B512C9D}.Release|Any CPU.ActiveCfg = Release|Any CPU
		{4C2F8C43-A652-419E-B9F3-C12E5B512C9D}.Release|Any CPU.Build.0 = Release|Any CPU
		{124D2B15-B4D6-4D48-8A01-D7C2894F8486}.Debug|Any CPU.ActiveCfg = Debug|Any CPU
		{124D2B15-B4D6-4D48-8A01-D7C2894F8486}.Debug|Any CPU.Build.0 = Debug|Any CPU
		{124D2B15-B4D6-4D48-8A01-D7C2894F8486}.Release|Any CPU.ActiveCfg = Release|Any CPU
		{124D2B15-B4D6-4D48-8A01-D7C2894F8486}.Release|Any CPU.Build.0 = Release|Any CPU
		{3AEB386A-664B-4E5F-B6C9-D65BA5FF7AF1}.Debug|Any CPU.ActiveCfg = Debug|Any CPU
		{3AEB386A-664B-4E5F-B6C9-D65BA5FF7AF1}.Debug|Any CPU.Build.0 = Debug|Any CPU
		{3AEB386A-664B-4E5F-B6C9-D65BA5FF7AF1}.Release|Any CPU.ActiveCfg = Release|Any CPU
		{3AEB386A-664B-4E5F-B6C9-D65BA5FF7AF1}.Release|Any CPU.Build.0 = Release|Any CPU
		{21B570CA-1D1C-4105-BBB8-1D86DE35D1DD}.Debug|Any CPU.ActiveCfg = Debug|Any CPU
		{21B570CA-1D1C-4105-BBB8-1D86DE35D1DD}.Debug|Any CPU.Build.0 = Debug|Any CPU
		{21B570CA-1D1C-4105-BBB8-1D86DE35D1DD}.Release|Any CPU.ActiveCfg = Release|Any CPU
		{21B570CA-1D1C-4105-BBB8-1D86DE35D1DD}.Release|Any CPU.Build.0 = Release|Any CPU
		{1901C6A0-AB8E-4257-ABB7-3313FDCD8B1D}.Debug|Any CPU.ActiveCfg = Debug|Any CPU
		{1901C6A0-AB8E-4257-ABB7-3313FDCD8B1D}.Debug|Any CPU.Build.0 = Debug|Any CPU
		{1901C6A0-AB8E-4257-ABB7-3313FDCD8B1D}.Release|Any CPU.ActiveCfg = Release|Any CPU
		{1901C6A0-AB8E-4257-ABB7-3313FDCD8B1D}.Release|Any CPU.Build.0 = Release|Any CPU
		{1E5BC858-1164-4758-A5AD-453A042A6A8D}.Debug|Any CPU.ActiveCfg = Debug|Any CPU
		{1E5BC858-1164-4758-A5AD-453A042A6A8D}.Debug|Any CPU.Build.0 = Debug|Any CPU
		{1E5BC858-1164-4758-A5AD-453A042A6A8D}.Release|Any CPU.ActiveCfg = Release|Any CPU
		{1E5BC858-1164-4758-A5AD-453A042A6A8D}.Release|Any CPU.Build.0 = Release|Any CPU
		{BA112A6E-65CB-4434-894D-627EE26D55A7}.Debug|Any CPU.ActiveCfg = Debug|Any CPU
		{BA112A6E-65CB-4434-894D-627EE26D55A7}.Debug|Any CPU.Build.0 = Debug|Any CPU
		{BA112A6E-65CB-4434-894D-627EE26D55A7}.Release|Any CPU.ActiveCfg = Release|Any CPU
		{BA112A6E-65CB-4434-894D-627EE26D55A7}.Release|Any CPU.Build.0 = Release|Any CPU
		{0CF36DEE-6FC1-4931-8336-D7D3EB0048C4}.Debug|Any CPU.ActiveCfg = Debug|Any CPU
		{0CF36DEE-6FC1-4931-8336-D7D3EB0048C4}.Debug|Any CPU.Build.0 = Debug|Any CPU
		{0CF36DEE-6FC1-4931-8336-D7D3EB0048C4}.Release|Any CPU.ActiveCfg = Release|Any CPU
		{0CF36DEE-6FC1-4931-8336-D7D3EB0048C4}.Release|Any CPU.Build.0 = Release|Any CPU
		{26C4B39E-57CC-4122-8984-4B1F41374A35}.Debug|Any CPU.ActiveCfg = Debug|Any CPU
		{26C4B39E-57CC-4122-8984-4B1F41374A35}.Debug|Any CPU.Build.0 = Debug|Any CPU
		{26C4B39E-57CC-4122-8984-4B1F41374A35}.Release|Any CPU.ActiveCfg = Release|Any CPU
		{26C4B39E-57CC-4122-8984-4B1F41374A35}.Release|Any CPU.Build.0 = Release|Any CPU
		{28155161-FBDA-40B9-B403-7AD45E7D6EF8}.Debug|Any CPU.ActiveCfg = Debug|Any CPU
		{28155161-FBDA-40B9-B403-7AD45E7D6EF8}.Debug|Any CPU.Build.0 = Debug|Any CPU
		{28155161-FBDA-40B9-B403-7AD45E7D6EF8}.Release|Any CPU.ActiveCfg = Release|Any CPU
		{28155161-FBDA-40B9-B403-7AD45E7D6EF8}.Release|Any CPU.Build.0 = Release|Any CPU
		{407B9254-6E55-4F5A-BB37-EBD70E9A643C}.Debug|Any CPU.ActiveCfg = Debug|Any CPU
		{407B9254-6E55-4F5A-BB37-EBD70E9A643C}.Debug|Any CPU.Build.0 = Debug|Any CPU
		{407B9254-6E55-4F5A-BB37-EBD70E9A643C}.Release|Any CPU.ActiveCfg = Release|Any CPU
		{407B9254-6E55-4F5A-BB37-EBD70E9A643C}.Release|Any CPU.Build.0 = Release|Any CPU
		{E645AF83-4D6A-4AC0-A9DE-0105DC0C45C9}.Debug|Any CPU.ActiveCfg = Debug|Any CPU
		{E645AF83-4D6A-4AC0-A9DE-0105DC0C45C9}.Debug|Any CPU.Build.0 = Debug|Any CPU
		{E645AF83-4D6A-4AC0-A9DE-0105DC0C45C9}.Release|Any CPU.ActiveCfg = Release|Any CPU
		{E645AF83-4D6A-4AC0-A9DE-0105DC0C45C9}.Release|Any CPU.Build.0 = Release|Any CPU
	EndGlobalSection
	GlobalSection(SolutionProperties) = preSolution
		HideSolutionNode = FALSE
	EndGlobalSection
	GlobalSection(NestedProjects) = preSolution
		{01115711-9D18-441D-8922-60529DC63933} = {369F837B-4798-4E2E-8950-87A66CAF8084}
		{1E5BC858-1164-4758-A5AD-453A042A6A8D} = {369F837B-4798-4E2E-8950-87A66CAF8084}
		{0CF36DEE-6FC1-4931-8336-D7D3EB0048C4} = {369F837B-4798-4E2E-8950-87A66CAF8084}
		{26C4B39E-57CC-4122-8984-4B1F41374A35} = {369F837B-4798-4E2E-8950-87A66CAF8084}
		{407B9254-6E55-4F5A-BB37-EBD70E9A643C} = {369F837B-4798-4E2E-8950-87A66CAF8084}
	EndGlobalSection
	GlobalSection(ExtensibilityGlobals) = postSolution
		SolutionGuid = {E7267429-F54A-48AF-B18E-80A53D2F0947}
	EndGlobalSection
EndGlobal
