
Microsoft Visual Studio Solution File, Format Version 12.00
# Visual Studio 15
VisualStudioVersion = 15.0.28010.2016
MinimumVisualStudioVersion = 10.0.40219.1
Project("{00D1A9C2-B5F0-4AF3-8072-F6C62B433612}") = "ESFA.DC.EAS1819.Database", "ESFA.DC.EAS1819.Database\ESFA.DC.EAS1819.Database.sqlproj", "{B5C20D2D-0F5D-4D07-833C-1F444F0F0780}"
EndProject
Project("{FAE04EC0-301F-11D3-BF4B-00C04F79EFBC}") = "ESFA.DC.EAS1819.Database.Test", "ESFA.DC.EAS1819.Database.Test\ESFA.DC.EAS1819.Database.Test.csproj", "{32B0AADD-B3B4-49C9-87E7-2EF50064E145}"
EndProject
Project("{9A19103F-16F7-4668-BE54-9A1E7A4F7556}") = "ESFA.DC.EAS1819.Model", "ESFA.DC.EAS1819.Model\ESFA.DC.EAS1819.Model.csproj", "{A9652F28-7B2A-44FB-A069-8D2BE07FB84F}"
EndProject
Project("{FAE04EC0-301F-11D3-BF4B-00C04F79EFBC}") = "ESFA.DC.EAS1819.EF", "ESFA.DC.EAS1819.EF\ESFA.DC.EAS1819.EF.csproj", "{86B68436-3A69-496F-816E-562DD4E1C283}"
EndProject
Project("{FAE04EC0-301F-11D3-BF4B-00C04F79EFBC}") = "ESFA.DC.EAS1819.DataService.Interface", "ESFA.DC.EAS1819.DataService.Interface\ESFA.DC.EAS1819.DataService.Interface.csproj", "{454A301E-700C-4960-BF06-0EAE6773F799}"
EndProject
Project("{FAE04EC0-301F-11D3-BF4B-00C04F79EFBC}") = "ESFA.DC.EAS1819.DataService", "ESFA.DC.EAS1819.DataService\ESFA.DC.EAS1819.DataService.csproj", "{5AD11DA0-7BCA-4F2A-9AD7-A219C8489DAB}"
EndProject
Project("{FAE04EC0-301F-11D3-BF4B-00C04F79EFBC}") = "ESFA.DC.EAS1819.DataService.Test", "ESFA.DC.EAS1819.DataService.Test\ESFA.DC.EAS1819.DataService.Test.csproj", "{258D87F9-7692-4EE4-8976-93C921F4EB8D}"
EndProject
Project("{FAE04EC0-301F-11D3-BF4B-00C04F79EFBC}") = "ESFA.DC.EAS1819.Service", "ESFA.DC.EAS1819.Service\ESFA.DC.EAS1819.Service.csproj", "{1E2B8E9F-2B2F-4D4C-BFA2-D406CDF95FBC}"
EndProject
Project("{FAE04EC0-301F-11D3-BF4B-00C04F79EFBC}") = "ESFA.DC.EAS1819.Service.Interface", "ESFA.DC.EAS1819.Service.Interface\ESFA.DC.EAS1819.Service.Interface.csproj", "{007780BB-628B-44C4-BEE6-4D423EB50613}"
EndProject
Project("{FAE04EC0-301F-11D3-BF4B-00C04F79EFBC}") = "ESFA.DC.EAS1819.Service.Test", "ESFA.DC.EAS1819.Service.Test\ESFA.DC.EAS1819.Service.Test.csproj", "{DF64E643-8395-4E0E-8779-63313D800225}"
EndProject
Global
	GlobalSection(SolutionConfigurationPlatforms) = preSolution
		Debug|Any CPU = Debug|Any CPU
		Release|Any CPU = Release|Any CPU
	EndGlobalSection
	GlobalSection(ProjectConfigurationPlatforms) = postSolution
		{B5C20D2D-0F5D-4D07-833C-1F444F0F0780}.Debug|Any CPU.ActiveCfg = Debug|Any CPU
		{B5C20D2D-0F5D-4D07-833C-1F444F0F0780}.Debug|Any CPU.Build.0 = Debug|Any CPU
		{B5C20D2D-0F5D-4D07-833C-1F444F0F0780}.Debug|Any CPU.Deploy.0 = Debug|Any CPU
		{B5C20D2D-0F5D-4D07-833C-1F444F0F0780}.Release|Any CPU.ActiveCfg = Release|Any CPU
		{B5C20D2D-0F5D-4D07-833C-1F444F0F0780}.Release|Any CPU.Build.0 = Release|Any CPU
		{B5C20D2D-0F5D-4D07-833C-1F444F0F0780}.Release|Any CPU.Deploy.0 = Release|Any CPU
		{32B0AADD-B3B4-49C9-87E7-2EF50064E145}.Debug|Any CPU.ActiveCfg = Debug|Any CPU
		{32B0AADD-B3B4-49C9-87E7-2EF50064E145}.Debug|Any CPU.Build.0 = Debug|Any CPU
		{32B0AADD-B3B4-49C9-87E7-2EF50064E145}.Release|Any CPU.ActiveCfg = Release|Any CPU
		{32B0AADD-B3B4-49C9-87E7-2EF50064E145}.Release|Any CPU.Build.0 = Release|Any CPU
		{A9652F28-7B2A-44FB-A069-8D2BE07FB84F}.Debug|Any CPU.ActiveCfg = Debug|Any CPU
		{A9652F28-7B2A-44FB-A069-8D2BE07FB84F}.Debug|Any CPU.Build.0 = Debug|Any CPU
		{A9652F28-7B2A-44FB-A069-8D2BE07FB84F}.Release|Any CPU.ActiveCfg = Release|Any CPU
		{A9652F28-7B2A-44FB-A069-8D2BE07FB84F}.Release|Any CPU.Build.0 = Release|Any CPU
		{86B68436-3A69-496F-816E-562DD4E1C283}.Debug|Any CPU.ActiveCfg = Debug|Any CPU
		{86B68436-3A69-496F-816E-562DD4E1C283}.Debug|Any CPU.Build.0 = Debug|Any CPU
		{86B68436-3A69-496F-816E-562DD4E1C283}.Release|Any CPU.ActiveCfg = Release|Any CPU
		{86B68436-3A69-496F-816E-562DD4E1C283}.Release|Any CPU.Build.0 = Release|Any CPU
		{454A301E-700C-4960-BF06-0EAE6773F799}.Debug|Any CPU.ActiveCfg = Debug|Any CPU
		{454A301E-700C-4960-BF06-0EAE6773F799}.Debug|Any CPU.Build.0 = Debug|Any CPU
		{454A301E-700C-4960-BF06-0EAE6773F799}.Release|Any CPU.ActiveCfg = Release|Any CPU
		{454A301E-700C-4960-BF06-0EAE6773F799}.Release|Any CPU.Build.0 = Release|Any CPU
		{5AD11DA0-7BCA-4F2A-9AD7-A219C8489DAB}.Debug|Any CPU.ActiveCfg = Debug|Any CPU
		{5AD11DA0-7BCA-4F2A-9AD7-A219C8489DAB}.Debug|Any CPU.Build.0 = Debug|Any CPU
		{5AD11DA0-7BCA-4F2A-9AD7-A219C8489DAB}.Release|Any CPU.ActiveCfg = Release|Any CPU
		{5AD11DA0-7BCA-4F2A-9AD7-A219C8489DAB}.Release|Any CPU.Build.0 = Release|Any CPU
		{258D87F9-7692-4EE4-8976-93C921F4EB8D}.Debug|Any CPU.ActiveCfg = Debug|Any CPU
		{258D87F9-7692-4EE4-8976-93C921F4EB8D}.Debug|Any CPU.Build.0 = Debug|Any CPU
		{258D87F9-7692-4EE4-8976-93C921F4EB8D}.Release|Any CPU.ActiveCfg = Release|Any CPU
		{258D87F9-7692-4EE4-8976-93C921F4EB8D}.Release|Any CPU.Build.0 = Release|Any CPU
		{1E2B8E9F-2B2F-4D4C-BFA2-D406CDF95FBC}.Debug|Any CPU.ActiveCfg = Debug|Any CPU
		{1E2B8E9F-2B2F-4D4C-BFA2-D406CDF95FBC}.Debug|Any CPU.Build.0 = Debug|Any CPU
		{1E2B8E9F-2B2F-4D4C-BFA2-D406CDF95FBC}.Release|Any CPU.ActiveCfg = Release|Any CPU
		{1E2B8E9F-2B2F-4D4C-BFA2-D406CDF95FBC}.Release|Any CPU.Build.0 = Release|Any CPU
		{007780BB-628B-44C4-BEE6-4D423EB50613}.Debug|Any CPU.ActiveCfg = Debug|Any CPU
		{007780BB-628B-44C4-BEE6-4D423EB50613}.Debug|Any CPU.Build.0 = Debug|Any CPU
		{007780BB-628B-44C4-BEE6-4D423EB50613}.Release|Any CPU.ActiveCfg = Release|Any CPU
		{007780BB-628B-44C4-BEE6-4D423EB50613}.Release|Any CPU.Build.0 = Release|Any CPU
		{DF64E643-8395-4E0E-8779-63313D800225}.Debug|Any CPU.ActiveCfg = Debug|Any CPU
		{DF64E643-8395-4E0E-8779-63313D800225}.Debug|Any CPU.Build.0 = Debug|Any CPU
		{DF64E643-8395-4E0E-8779-63313D800225}.Release|Any CPU.ActiveCfg = Release|Any CPU
		{DF64E643-8395-4E0E-8779-63313D800225}.Release|Any CPU.Build.0 = Release|Any CPU
	EndGlobalSection
	GlobalSection(SolutionProperties) = preSolution
		HideSolutionNode = FALSE
	EndGlobalSection
	GlobalSection(ExtensibilityGlobals) = postSolution
		SolutionGuid = {E7267429-F54A-48AF-B18E-80A53D2F0947}
	EndGlobalSection
EndGlobal
