
Microsoft Visual Studio Solution File, Format Version 12.00
# Visual Studio 15
VisualStudioVersion = 15.0.28010.2016
MinimumVisualStudioVersion = 10.0.40219.1
Project("{00D1A9C2-B5F0-4AF3-8072-F6C62B433612}") = "ESFA.DC.EAS1819.Database", "ESFA.DC.EAS1819.Database\ESFA.DC.EAS1819.Database.sqlproj", "{B5C20D2D-0F5D-4D07-833C-1F444F0F0780}"
EndProject
Project("{FAE04EC0-301F-11D3-BF4B-00C04F79EFBC}") = "ESFA.DC.EAS1819.Database.Test", "ESFA.DC.EAS1819.Database.Test\ESFA.DC.EAS1819.Database.Test.csproj", "{32B0AADD-B3B4-49C9-87E7-2EF50064E145}"
EndProject
Project("{9A19103F-16F7-4668-BE54-9A1E7A4F7556}") = "ESFA.DC.EAS1819.Model", "ESFA.DC.EAS1819.Model\ESFA.DC.EAS1819.Model.csproj", "{A9652F28-7B2A-44FB-A069-8D2BE07FB84F}"
EndProject
Project("{FAE04EC0-301F-11D3-BF4B-00C04F79EFBC}") = "ESFA.DC.EAS1819.EF", "ESFA.DC.EAS1819.EF\ESFA.DC.EAS1819.EF.csproj", "{86B68436-3A69-496F-816E-562DD4E1C283}"
EndProject
Project("{FAE04EC0-301F-11D3-BF4B-00C04F79EFBC}") = "ESFA.DC.EAS1819.DataService.Interface", "ESFA.DC.EAS1819.DataService.Interface\ESFA.DC.EAS1819.DataService.Interface.csproj", "{454A301E-700C-4960-BF06-0EAE6773F799}"
EndProject
Project("{FAE04EC0-301F-11D3-BF4B-00C04F79EFBC}") = "ESFA.DC.EAS1819.DataService", "ESFA.DC.EAS1819.DataService\ESFA.DC.EAS1819.DataService.csproj", "{5AD11DA0-7BCA-4F2A-9AD7-A219C8489DAB}"
EndProject
Project("{FAE04EC0-301F-11D3-BF4B-00C04F79EFBC}") = "ESFA.DC.EAS1819.DataService.Test", "ESFA.DC.EAS1819.DataService.Test\ESFA.DC.EAS1819.DataService.Test.csproj", "{258D87F9-7692-4EE4-8976-93C921F4EB8D}"
EndProject
Project("{FAE04EC0-301F-11D3-BF4B-00C04F79EFBC}") = "ESFA.DC.EAS1819.Service", "ESFA.DC.EAS1819.Service\ESFA.DC.EAS1819.Service.csproj", "{1E2B8E9F-2B2F-4D4C-BFA2-D406CDF95FBC}"
EndProject
Project("{FAE04EC0-301F-11D3-BF4B-00C04F79EFBC}") = "ESFA.DC.EAS1819.Service.Test", "ESFA.DC.EAS1819.Service.Test\ESFA.DC.EAS1819.Service.Test.csproj", "{DF64E643-8395-4E0E-8779-63313D800225}"
EndProject
Project("{FAE04EC0-301F-11D3-BF4B-00C04F79EFBC}") = "ESFA.DC.EAS1819.Console", "ESFA.DC.EAS1819.Console\ESFA.DC.EAS1819.Console.csproj", "{F1B60898-37E2-4541-B282-1A0D065FACCB}"
EndProject
Project("{A07B5EB6-E848-4116-A8D0-A826331D98C6}") = "ESFA.DC.EAS1819", "ESFA.DC.EAS1819\ESFA.DC.EAS1819.sfproj", "{B98848E6-4403-4C2E-8823-88F136D39A42}"
EndProject
Project("{FAE04EC0-301F-11D3-BF4B-00C04F79EFBC}") = "ESFA.DC.EAS1819.Stateless", "ESFA.DC.EAS1819.Stateless\ESFA.DC.EAS1819.Stateless.csproj", "{9C73C23F-B346-470D-BA81-E9D8A86D392E}"
EndProject
Project("{2150E333-8FDC-42A3-9474-1A3956D46DE8}") = "Tests", "Tests", "{1B6D9D30-927E-428E-99EE-94F4C37047E1}"
EndProject
Project("{FAE04EC0-301F-11D3-BF4B-00C04F79EFBC}") = "ESFA.DC.EAS1819.Stateless.Test", "ESFA.DC.EAS1819.Stateless.Test\ESFA.DC.EAS1819.Stateless.Test.csproj", "{67EBAF48-AD0F-412B-932B-40B406AF261A}"
EndProject
Project("{FAE04EC0-301F-11D3-BF4B-00C04F79EFBC}") = "ESFA.DC.EAS1819.Interface", "ESFA.DC.EAS1819.Interface\ESFA.DC.EAS1819.Interface.csproj", "{F715E1C5-1A73-4FAF-944E-38991F4FB15B}"
EndProject
Project("{FAE04EC0-301F-11D3-BF4B-00C04F79EFBC}") = "ESFA.DC.EAS1819.ReportingService", "ESFA.DC.EAS1819.ReportingService\ESFA.DC.EAS1819.ReportingService.csproj", "{5A52E0E8-4EE3-4BBA-9870-48B46B1F4790}"
EndProject
Project("{FAE04EC0-301F-11D3-BF4B-00C04F79EFBC}") = "ESFA.DC.EAS1819.ValidationService", "ESFA.DC.EAS1819.ValidationService\ESFA.DC.EAS1819.ValidationService.csproj", "{4B7C467D-77C2-44F6-AEED-EEB3663C41E9}"
EndProject
Project("{FAE04EC0-301F-11D3-BF4B-00C04F79EFBC}") = "ESFA.DC.EAS1819.ValidationService.Test", "ESFA.DC.EAS1819.ValidationService.Test\ESFA.DC.EAS1819.ValidationService.Test.csproj", "{359662E0-9D04-4986-89F2-C334AF4D2990}"
EndProject
Project("{FAE04EC0-301F-11D3-BF4B-00C04F79EFBC}") = "ESFA.DC.EAS1819.Tests.Base", "ESFA.DC.EAS1819.Tests.Base\ESFA.DC.EAS1819.Tests.Base.csproj", "{46F7E33E-592E-48E8-AF4C-A8EFB1CEF265}"
EndProject
Project("{FAE04EC0-301F-11D3-BF4B-00C04F79EFBC}") = "ESFA.DC.EAS1819.ReportingService.Test", "ESFA.DC.EAS1819.ReportingService.Test\ESFA.DC.EAS1819.ReportingService.Test.csproj", "{B2C473D3-C906-4FE5-9ED9-FF6DCAC3B7CC}"
EndProject
Project("{FAE04EC0-301F-11D3-BF4B-00C04F79EFBC}") = "ESFA.DC.EAS1819.Acceptance.Test", "ESFA.DC.EAS1819.Acceptance.Test\ESFA.DC.EAS1819.Acceptance.Test.csproj", "{42163B97-42BC-4133-AAF6-09E31E1B6FA3}"
EndProject
Project("{FAE04EC0-301F-11D3-BF4B-00C04F79EFBC}") = "ESFA.DC.EAS1819.Common", "ESFA.DC.EAS1819.Common\ESFA.DC.EAS1819.Common.csproj", "{D9F4135B-DFD6-4029-BF6F-959210B8B72F}"
EndProject
Project("{FAE04EC0-301F-11D3-BF4B-00C04F79EFBC}") = "ESFA.DC.EAS1819.Common.Test", "ESFA.DC.EAS1819.Common.Test\ESFA.DC.EAS1819.Common.Test.csproj", "{E0716D94-6983-4AEC-80F8-65E12CB879F3}"
EndProject
Global
	GlobalSection(SolutionConfigurationPlatforms) = preSolution
		Debug|Any CPU = Debug|Any CPU
		Debug|x64 = Debug|x64
		Release|Any CPU = Release|Any CPU
		Release|x64 = Release|x64
	EndGlobalSection
	GlobalSection(ProjectConfigurationPlatforms) = postSolution
		{B5C20D2D-0F5D-4D07-833C-1F444F0F0780}.Debug|Any CPU.ActiveCfg = Debug|Any CPU
		{B5C20D2D-0F5D-4D07-833C-1F444F0F0780}.Debug|Any CPU.Build.0 = Debug|Any CPU
		{B5C20D2D-0F5D-4D07-833C-1F444F0F0780}.Debug|x64.ActiveCfg = Debug|Any CPU
		{B5C20D2D-0F5D-4D07-833C-1F444F0F0780}.Debug|x64.Build.0 = Debug|Any CPU
		{B5C20D2D-0F5D-4D07-833C-1F444F0F0780}.Debug|x64.Deploy.0 = Debug|Any CPU
		{B5C20D2D-0F5D-4D07-833C-1F444F0F0780}.Release|Any CPU.ActiveCfg = Release|Any CPU
		{B5C20D2D-0F5D-4D07-833C-1F444F0F0780}.Release|Any CPU.Build.0 = Release|Any CPU
		{B5C20D2D-0F5D-4D07-833C-1F444F0F0780}.Release|x64.ActiveCfg = Release|Any CPU
		{B5C20D2D-0F5D-4D07-833C-1F444F0F0780}.Release|x64.Build.0 = Release|Any CPU
		{B5C20D2D-0F5D-4D07-833C-1F444F0F0780}.Release|x64.Deploy.0 = Release|Any CPU
		{32B0AADD-B3B4-49C9-87E7-2EF50064E145}.Debug|Any CPU.ActiveCfg = Debug|Any CPU
		{32B0AADD-B3B4-49C9-87E7-2EF50064E145}.Debug|Any CPU.Build.0 = Debug|Any CPU
		{32B0AADD-B3B4-49C9-87E7-2EF50064E145}.Debug|x64.ActiveCfg = Debug|Any CPU
		{32B0AADD-B3B4-49C9-87E7-2EF50064E145}.Debug|x64.Build.0 = Debug|Any CPU
		{32B0AADD-B3B4-49C9-87E7-2EF50064E145}.Release|Any CPU.ActiveCfg = Release|Any CPU
		{32B0AADD-B3B4-49C9-87E7-2EF50064E145}.Release|Any CPU.Build.0 = Release|Any CPU
		{32B0AADD-B3B4-49C9-87E7-2EF50064E145}.Release|x64.ActiveCfg = Release|Any CPU
		{32B0AADD-B3B4-49C9-87E7-2EF50064E145}.Release|x64.Build.0 = Release|Any CPU
		{A9652F28-7B2A-44FB-A069-8D2BE07FB84F}.Debug|Any CPU.ActiveCfg = Debug|Any CPU
		{A9652F28-7B2A-44FB-A069-8D2BE07FB84F}.Debug|Any CPU.Build.0 = Debug|Any CPU
		{A9652F28-7B2A-44FB-A069-8D2BE07FB84F}.Debug|x64.ActiveCfg = Debug|Any CPU
		{A9652F28-7B2A-44FB-A069-8D2BE07FB84F}.Debug|x64.Build.0 = Debug|Any CPU
		{A9652F28-7B2A-44FB-A069-8D2BE07FB84F}.Release|Any CPU.ActiveCfg = Release|Any CPU
		{A9652F28-7B2A-44FB-A069-8D2BE07FB84F}.Release|Any CPU.Build.0 = Release|Any CPU
		{A9652F28-7B2A-44FB-A069-8D2BE07FB84F}.Release|x64.ActiveCfg = Release|x64
		{A9652F28-7B2A-44FB-A069-8D2BE07FB84F}.Release|x64.Build.0 = Release|x64
		{86B68436-3A69-496F-816E-562DD4E1C283}.Debug|Any CPU.ActiveCfg = Debug|Any CPU
		{86B68436-3A69-496F-816E-562DD4E1C283}.Debug|Any CPU.Build.0 = Debug|Any CPU
		{86B68436-3A69-496F-816E-562DD4E1C283}.Debug|x64.ActiveCfg = Debug|Any CPU
		{86B68436-3A69-496F-816E-562DD4E1C283}.Debug|x64.Build.0 = Debug|Any CPU
		{86B68436-3A69-496F-816E-562DD4E1C283}.Release|Any CPU.ActiveCfg = Release|Any CPU
		{86B68436-3A69-496F-816E-562DD4E1C283}.Release|Any CPU.Build.0 = Release|Any CPU
		{86B68436-3A69-496F-816E-562DD4E1C283}.Release|x64.ActiveCfg = Release|x64
		{86B68436-3A69-496F-816E-562DD4E1C283}.Release|x64.Build.0 = Release|x64
		{454A301E-700C-4960-BF06-0EAE6773F799}.Debug|Any CPU.ActiveCfg = Debug|Any CPU
		{454A301E-700C-4960-BF06-0EAE6773F799}.Debug|Any CPU.Build.0 = Debug|Any CPU
		{454A301E-700C-4960-BF06-0EAE6773F799}.Debug|x64.ActiveCfg = Debug|Any CPU
		{454A301E-700C-4960-BF06-0EAE6773F799}.Debug|x64.Build.0 = Debug|Any CPU
		{454A301E-700C-4960-BF06-0EAE6773F799}.Release|Any CPU.ActiveCfg = Release|Any CPU
		{454A301E-700C-4960-BF06-0EAE6773F799}.Release|Any CPU.Build.0 = Release|Any CPU
		{454A301E-700C-4960-BF06-0EAE6773F799}.Release|x64.ActiveCfg = Release|x64
		{454A301E-700C-4960-BF06-0EAE6773F799}.Release|x64.Build.0 = Release|x64
		{5AD11DA0-7BCA-4F2A-9AD7-A219C8489DAB}.Debug|Any CPU.ActiveCfg = Debug|Any CPU
		{5AD11DA0-7BCA-4F2A-9AD7-A219C8489DAB}.Debug|Any CPU.Build.0 = Debug|Any CPU
		{5AD11DA0-7BCA-4F2A-9AD7-A219C8489DAB}.Debug|x64.ActiveCfg = Debug|Any CPU
		{5AD11DA0-7BCA-4F2A-9AD7-A219C8489DAB}.Debug|x64.Build.0 = Debug|Any CPU
		{5AD11DA0-7BCA-4F2A-9AD7-A219C8489DAB}.Release|Any CPU.ActiveCfg = Release|Any CPU
		{5AD11DA0-7BCA-4F2A-9AD7-A219C8489DAB}.Release|Any CPU.Build.0 = Release|Any CPU
		{5AD11DA0-7BCA-4F2A-9AD7-A219C8489DAB}.Release|x64.ActiveCfg = Release|x64
		{5AD11DA0-7BCA-4F2A-9AD7-A219C8489DAB}.Release|x64.Build.0 = Release|x64
		{258D87F9-7692-4EE4-8976-93C921F4EB8D}.Debug|Any CPU.ActiveCfg = Debug|Any CPU
		{258D87F9-7692-4EE4-8976-93C921F4EB8D}.Debug|Any CPU.Build.0 = Debug|Any CPU
		{258D87F9-7692-4EE4-8976-93C921F4EB8D}.Debug|x64.ActiveCfg = Debug|Any CPU
		{258D87F9-7692-4EE4-8976-93C921F4EB8D}.Debug|x64.Build.0 = Debug|Any CPU
		{258D87F9-7692-4EE4-8976-93C921F4EB8D}.Release|Any CPU.ActiveCfg = Release|Any CPU
		{258D87F9-7692-4EE4-8976-93C921F4EB8D}.Release|Any CPU.Build.0 = Release|Any CPU
		{258D87F9-7692-4EE4-8976-93C921F4EB8D}.Release|x64.ActiveCfg = Release|x64
		{258D87F9-7692-4EE4-8976-93C921F4EB8D}.Release|x64.Build.0 = Release|x64
		{1E2B8E9F-2B2F-4D4C-BFA2-D406CDF95FBC}.Debug|Any CPU.ActiveCfg = Debug|Any CPU
		{1E2B8E9F-2B2F-4D4C-BFA2-D406CDF95FBC}.Debug|Any CPU.Build.0 = Debug|Any CPU
		{1E2B8E9F-2B2F-4D4C-BFA2-D406CDF95FBC}.Debug|x64.ActiveCfg = Debug|Any CPU
		{1E2B8E9F-2B2F-4D4C-BFA2-D406CDF95FBC}.Debug|x64.Build.0 = Debug|Any CPU
		{1E2B8E9F-2B2F-4D4C-BFA2-D406CDF95FBC}.Release|Any CPU.ActiveCfg = Release|Any CPU
		{1E2B8E9F-2B2F-4D4C-BFA2-D406CDF95FBC}.Release|Any CPU.Build.0 = Release|Any CPU
		{1E2B8E9F-2B2F-4D4C-BFA2-D406CDF95FBC}.Release|x64.ActiveCfg = Release|x64
		{1E2B8E9F-2B2F-4D4C-BFA2-D406CDF95FBC}.Release|x64.Build.0 = Release|x64
		{DF64E643-8395-4E0E-8779-63313D800225}.Debug|Any CPU.ActiveCfg = Debug|Any CPU
		{DF64E643-8395-4E0E-8779-63313D800225}.Debug|Any CPU.Build.0 = Debug|Any CPU
		{DF64E643-8395-4E0E-8779-63313D800225}.Debug|x64.ActiveCfg = Debug|Any CPU
		{DF64E643-8395-4E0E-8779-63313D800225}.Debug|x64.Build.0 = Debug|Any CPU
		{DF64E643-8395-4E0E-8779-63313D800225}.Release|Any CPU.ActiveCfg = Release|Any CPU
		{DF64E643-8395-4E0E-8779-63313D800225}.Release|Any CPU.Build.0 = Release|Any CPU
		{DF64E643-8395-4E0E-8779-63313D800225}.Release|x64.ActiveCfg = Release|x64
		{DF64E643-8395-4E0E-8779-63313D800225}.Release|x64.Build.0 = Release|x64
		{F1B60898-37E2-4541-B282-1A0D065FACCB}.Debug|Any CPU.ActiveCfg = Debug|Any CPU
		{F1B60898-37E2-4541-B282-1A0D065FACCB}.Debug|Any CPU.Build.0 = Debug|Any CPU
		{F1B60898-37E2-4541-B282-1A0D065FACCB}.Debug|x64.ActiveCfg = Debug|Any CPU
		{F1B60898-37E2-4541-B282-1A0D065FACCB}.Debug|x64.Build.0 = Debug|Any CPU
		{F1B60898-37E2-4541-B282-1A0D065FACCB}.Release|Any CPU.ActiveCfg = Release|Any CPU
		{F1B60898-37E2-4541-B282-1A0D065FACCB}.Release|Any CPU.Build.0 = Release|Any CPU
		{F1B60898-37E2-4541-B282-1A0D065FACCB}.Release|x64.ActiveCfg = Release|x64
		{F1B60898-37E2-4541-B282-1A0D065FACCB}.Release|x64.Build.0 = Release|x64
		{B98848E6-4403-4C2E-8823-88F136D39A42}.Debug|Any CPU.ActiveCfg = Debug|x64
		{B98848E6-4403-4C2E-8823-88F136D39A42}.Debug|Any CPU.Build.0 = Debug|x64
		{B98848E6-4403-4C2E-8823-88F136D39A42}.Debug|Any CPU.Deploy.0 = Debug|x64
		{B98848E6-4403-4C2E-8823-88F136D39A42}.Debug|x64.ActiveCfg = Debug|x64
		{B98848E6-4403-4C2E-8823-88F136D39A42}.Debug|x64.Build.0 = Debug|x64
		{B98848E6-4403-4C2E-8823-88F136D39A42}.Debug|x64.Deploy.0 = Debug|x64
		{B98848E6-4403-4C2E-8823-88F136D39A42}.Release|Any CPU.ActiveCfg = Release|x64
		{B98848E6-4403-4C2E-8823-88F136D39A42}.Release|x64.ActiveCfg = Release|x64
		{B98848E6-4403-4C2E-8823-88F136D39A42}.Release|x64.Build.0 = Release|x64
		{B98848E6-4403-4C2E-8823-88F136D39A42}.Release|x64.Deploy.0 = Release|x64
		{9C73C23F-B346-470D-BA81-E9D8A86D392E}.Debug|Any CPU.ActiveCfg = Debug|x64
		{9C73C23F-B346-470D-BA81-E9D8A86D392E}.Debug|Any CPU.Build.0 = Debug|x64
		{9C73C23F-B346-470D-BA81-E9D8A86D392E}.Debug|x64.ActiveCfg = Debug|x64
		{9C73C23F-B346-470D-BA81-E9D8A86D392E}.Debug|x64.Build.0 = Debug|x64
		{9C73C23F-B346-470D-BA81-E9D8A86D392E}.Release|Any CPU.ActiveCfg = Release|x64
		{9C73C23F-B346-470D-BA81-E9D8A86D392E}.Release|x64.ActiveCfg = Release|x64
		{9C73C23F-B346-470D-BA81-E9D8A86D392E}.Release|x64.Build.0 = Release|x64
		{67EBAF48-AD0F-412B-932B-40B406AF261A}.Debug|Any CPU.ActiveCfg = Debug|Any CPU
		{67EBAF48-AD0F-412B-932B-40B406AF261A}.Debug|Any CPU.Build.0 = Debug|Any CPU
		{67EBAF48-AD0F-412B-932B-40B406AF261A}.Debug|x64.ActiveCfg = Debug|x64
		{67EBAF48-AD0F-412B-932B-40B406AF261A}.Debug|x64.Build.0 = Debug|x64
		{67EBAF48-AD0F-412B-932B-40B406AF261A}.Release|Any CPU.ActiveCfg = Release|Any CPU
		{67EBAF48-AD0F-412B-932B-40B406AF261A}.Release|Any CPU.Build.0 = Release|Any CPU
		{67EBAF48-AD0F-412B-932B-40B406AF261A}.Release|x64.ActiveCfg = Release|x64
		{67EBAF48-AD0F-412B-932B-40B406AF261A}.Release|x64.Build.0 = Release|x64
		{F715E1C5-1A73-4FAF-944E-38991F4FB15B}.Debug|Any CPU.ActiveCfg = Debug|Any CPU
		{F715E1C5-1A73-4FAF-944E-38991F4FB15B}.Debug|Any CPU.Build.0 = Debug|Any CPU
		{F715E1C5-1A73-4FAF-944E-38991F4FB15B}.Debug|x64.ActiveCfg = Debug|Any CPU
		{F715E1C5-1A73-4FAF-944E-38991F4FB15B}.Debug|x64.Build.0 = Debug|Any CPU
		{F715E1C5-1A73-4FAF-944E-38991F4FB15B}.Release|Any CPU.ActiveCfg = Release|Any CPU
		{F715E1C5-1A73-4FAF-944E-38991F4FB15B}.Release|Any CPU.Build.0 = Release|Any CPU
		{F715E1C5-1A73-4FAF-944E-38991F4FB15B}.Release|x64.ActiveCfg = Release|x64
		{F715E1C5-1A73-4FAF-944E-38991F4FB15B}.Release|x64.Build.0 = Release|x64
		{5A52E0E8-4EE3-4BBA-9870-48B46B1F4790}.Debug|Any CPU.ActiveCfg = Debug|Any CPU
		{5A52E0E8-4EE3-4BBA-9870-48B46B1F4790}.Debug|Any CPU.Build.0 = Debug|Any CPU
		{5A52E0E8-4EE3-4BBA-9870-48B46B1F4790}.Debug|x64.ActiveCfg = Debug|Any CPU
		{5A52E0E8-4EE3-4BBA-9870-48B46B1F4790}.Debug|x64.Build.0 = Debug|Any CPU
		{5A52E0E8-4EE3-4BBA-9870-48B46B1F4790}.Release|Any CPU.ActiveCfg = Release|Any CPU
		{5A52E0E8-4EE3-4BBA-9870-48B46B1F4790}.Release|Any CPU.Build.0 = Release|Any CPU
		{5A52E0E8-4EE3-4BBA-9870-48B46B1F4790}.Release|x64.ActiveCfg = Release|x64
		{5A52E0E8-4EE3-4BBA-9870-48B46B1F4790}.Release|x64.Build.0 = Release|x64
		{4B7C467D-77C2-44F6-AEED-EEB3663C41E9}.Debug|Any CPU.ActiveCfg = Debug|Any CPU
		{4B7C467D-77C2-44F6-AEED-EEB3663C41E9}.Debug|Any CPU.Build.0 = Debug|Any CPU
		{4B7C467D-77C2-44F6-AEED-EEB3663C41E9}.Debug|x64.ActiveCfg = Debug|Any CPU
		{4B7C467D-77C2-44F6-AEED-EEB3663C41E9}.Debug|x64.Build.0 = Debug|Any CPU
		{4B7C467D-77C2-44F6-AEED-EEB3663C41E9}.Release|Any CPU.ActiveCfg = Release|Any CPU
		{4B7C467D-77C2-44F6-AEED-EEB3663C41E9}.Release|Any CPU.Build.0 = Release|Any CPU
		{4B7C467D-77C2-44F6-AEED-EEB3663C41E9}.Release|x64.ActiveCfg = Release|x64
		{4B7C467D-77C2-44F6-AEED-EEB3663C41E9}.Release|x64.Build.0 = Release|x64
		{359662E0-9D04-4986-89F2-C334AF4D2990}.Debug|Any CPU.ActiveCfg = Debug|Any CPU
		{359662E0-9D04-4986-89F2-C334AF4D2990}.Debug|Any CPU.Build.0 = Debug|Any CPU
		{359662E0-9D04-4986-89F2-C334AF4D2990}.Debug|x64.ActiveCfg = Debug|Any CPU
		{359662E0-9D04-4986-89F2-C334AF4D2990}.Debug|x64.Build.0 = Debug|Any CPU
		{359662E0-9D04-4986-89F2-C334AF4D2990}.Release|Any CPU.ActiveCfg = Release|Any CPU
		{359662E0-9D04-4986-89F2-C334AF4D2990}.Release|Any CPU.Build.0 = Release|Any CPU
		{359662E0-9D04-4986-89F2-C334AF4D2990}.Release|x64.ActiveCfg = Release|x64
		{359662E0-9D04-4986-89F2-C334AF4D2990}.Release|x64.Build.0 = Release|x64
		{46F7E33E-592E-48E8-AF4C-A8EFB1CEF265}.Debug|Any CPU.ActiveCfg = Debug|Any CPU
		{46F7E33E-592E-48E8-AF4C-A8EFB1CEF265}.Debug|Any CPU.Build.0 = Debug|Any CPU
		{46F7E33E-592E-48E8-AF4C-A8EFB1CEF265}.Debug|x64.ActiveCfg = Debug|Any CPU
		{46F7E33E-592E-48E8-AF4C-A8EFB1CEF265}.Debug|x64.Build.0 = Debug|Any CPU
		{46F7E33E-592E-48E8-AF4C-A8EFB1CEF265}.Release|Any CPU.ActiveCfg = Release|Any CPU
		{46F7E33E-592E-48E8-AF4C-A8EFB1CEF265}.Release|Any CPU.Build.0 = Release|Any CPU
		{46F7E33E-592E-48E8-AF4C-A8EFB1CEF265}.Release|x64.ActiveCfg = Release|x64
		{46F7E33E-592E-48E8-AF4C-A8EFB1CEF265}.Release|x64.Build.0 = Release|x64
		{B2C473D3-C906-4FE5-9ED9-FF6DCAC3B7CC}.Debug|Any CPU.ActiveCfg = Debug|Any CPU
		{B2C473D3-C906-4FE5-9ED9-FF6DCAC3B7CC}.Debug|Any CPU.Build.0 = Debug|Any CPU
		{B2C473D3-C906-4FE5-9ED9-FF6DCAC3B7CC}.Debug|x64.ActiveCfg = Debug|Any CPU
		{B2C473D3-C906-4FE5-9ED9-FF6DCAC3B7CC}.Debug|x64.Build.0 = Debug|Any CPU
		{B2C473D3-C906-4FE5-9ED9-FF6DCAC3B7CC}.Release|Any CPU.ActiveCfg = Release|Any CPU
		{B2C473D3-C906-4FE5-9ED9-FF6DCAC3B7CC}.Release|Any CPU.Build.0 = Release|Any CPU
		{B2C473D3-C906-4FE5-9ED9-FF6DCAC3B7CC}.Release|x64.ActiveCfg = Release|x64
		{B2C473D3-C906-4FE5-9ED9-FF6DCAC3B7CC}.Release|x64.Build.0 = Release|x64
		{42163B97-42BC-4133-AAF6-09E31E1B6FA3}.Debug|Any CPU.ActiveCfg = Debug|Any CPU
		{42163B97-42BC-4133-AAF6-09E31E1B6FA3}.Debug|Any CPU.Build.0 = Debug|Any CPU
		{42163B97-42BC-4133-AAF6-09E31E1B6FA3}.Debug|x64.ActiveCfg = Debug|Any CPU
		{42163B97-42BC-4133-AAF6-09E31E1B6FA3}.Debug|x64.Build.0 = Debug|Any CPU
		{42163B97-42BC-4133-AAF6-09E31E1B6FA3}.Release|Any CPU.ActiveCfg = Release|Any CPU
		{42163B97-42BC-4133-AAF6-09E31E1B6FA3}.Release|Any CPU.Build.0 = Release|Any CPU
		{42163B97-42BC-4133-AAF6-09E31E1B6FA3}.Release|x64.ActiveCfg = Release|x64
		{42163B97-42BC-4133-AAF6-09E31E1B6FA3}.Release|x64.Build.0 = Release|x64
		{D9F4135B-DFD6-4029-BF6F-959210B8B72F}.Debug|Any CPU.ActiveCfg = Debug|Any CPU
		{D9F4135B-DFD6-4029-BF6F-959210B8B72F}.Debug|Any CPU.Build.0 = Debug|Any CPU
		{D9F4135B-DFD6-4029-BF6F-959210B8B72F}.Debug|x64.ActiveCfg = Debug|Any CPU
		{D9F4135B-DFD6-4029-BF6F-959210B8B72F}.Debug|x64.Build.0 = Debug|Any CPU
		{D9F4135B-DFD6-4029-BF6F-959210B8B72F}.Release|Any CPU.ActiveCfg = Release|Any CPU
		{D9F4135B-DFD6-4029-BF6F-959210B8B72F}.Release|Any CPU.Build.0 = Release|Any CPU
		{D9F4135B-DFD6-4029-BF6F-959210B8B72F}.Release|x64.ActiveCfg = Release|x64
		{D9F4135B-DFD6-4029-BF6F-959210B8B72F}.Release|x64.Build.0 = Release|x64
		{E0716D94-6983-4AEC-80F8-65E12CB879F3}.Debug|Any CPU.ActiveCfg = Debug|Any CPU
		{E0716D94-6983-4AEC-80F8-65E12CB879F3}.Debug|Any CPU.Build.0 = Debug|Any CPU
		{E0716D94-6983-4AEC-80F8-65E12CB879F3}.Debug|x64.ActiveCfg = Debug|Any CPU
		{E0716D94-6983-4AEC-80F8-65E12CB879F3}.Debug|x64.Build.0 = Debug|Any CPU
		{E0716D94-6983-4AEC-80F8-65E12CB879F3}.Release|Any CPU.ActiveCfg = Release|Any CPU
		{E0716D94-6983-4AEC-80F8-65E12CB879F3}.Release|Any CPU.Build.0 = Release|Any CPU
		{E0716D94-6983-4AEC-80F8-65E12CB879F3}.Release|x64.ActiveCfg = Release|x64
		{E0716D94-6983-4AEC-80F8-65E12CB879F3}.Release|x64.Build.0 = Release|x64
	EndGlobalSection
	GlobalSection(SolutionProperties) = preSolution
		HideSolutionNode = FALSE
	EndGlobalSection
	GlobalSection(NestedProjects) = preSolution
		{32B0AADD-B3B4-49C9-87E7-2EF50064E145} = {1B6D9D30-927E-428E-99EE-94F4C37047E1}
		{258D87F9-7692-4EE4-8976-93C921F4EB8D} = {1B6D9D30-927E-428E-99EE-94F4C37047E1}
		{DF64E643-8395-4E0E-8779-63313D800225} = {1B6D9D30-927E-428E-99EE-94F4C37047E1}
		{67EBAF48-AD0F-412B-932B-40B406AF261A} = {1B6D9D30-927E-428E-99EE-94F4C37047E1}
		{359662E0-9D04-4986-89F2-C334AF4D2990} = {1B6D9D30-927E-428E-99EE-94F4C37047E1}
		{46F7E33E-592E-48E8-AF4C-A8EFB1CEF265} = {1B6D9D30-927E-428E-99EE-94F4C37047E1}
		{B2C473D3-C906-4FE5-9ED9-FF6DCAC3B7CC} = {1B6D9D30-927E-428E-99EE-94F4C37047E1}
		{42163B97-42BC-4133-AAF6-09E31E1B6FA3} = {1B6D9D30-927E-428E-99EE-94F4C37047E1}
		{E0716D94-6983-4AEC-80F8-65E12CB879F3} = {1B6D9D30-927E-428E-99EE-94F4C37047E1}
	EndGlobalSection
	GlobalSection(ExtensibilityGlobals) = postSolution
		SolutionGuid = {E7267429-F54A-48AF-B18E-80A53D2F0947}
	EndGlobalSection
EndGlobal
