
Microsoft Visual Studio Solution File, Format Version 12.00
# Visual Studio 15
VisualStudioVersion = 15.0.28010.2016
MinimumVisualStudioVersion = 10.0.40219.1
Project("{00D1A9C2-B5F0-4AF3-8072-F6C62B433612}") = "ESFA.DC.EAS1819.Database", "ESFA.DC.EAS1819.Database\ESFA.DC.EAS1819.Database.sqlproj", "{B5C20D2D-0F5D-4D07-833C-1F444F0F0780}"
EndProject
Project("{FAE04EC0-301F-11D3-BF4B-00C04F79EFBC}") = "ESFA.DC.EAS1819.Database.Test", "ESFA.DC.EAS1819.Database.Test\ESFA.DC.EAS1819.Database.Test.csproj", "{32B0AADD-B3B4-49C9-87E7-2EF50064E145}"
EndProject
Project("{9A19103F-16F7-4668-BE54-9A1E7A4F7556}") = "ESFA.DC.EAS1819.Data", "ESFA.DC.EAS1819.Data\ESFA.DC.EAS1819.Data.csproj", "{6F50238C-FB3B-4C84-9603-DE7619ABFB9A}"
EndProject
Project("{FAE04EC0-301F-11D3-BF4B-00C04F79EFBC}") = "ESFA.DC.EAS1819.Interface", "ESFA.DC.EAS1819.Interface\ESFA.DC.EAS1819.Interface.csproj", "{A473D742-3E55-40D8-876B-DC32AA7E7700}"
EndProject
Project("{FAE04EC0-301F-11D3-BF4B-00C04F79EFBC}") = "ESFA.DC.EAS1819.PersistData", "ESFA.DC.EAS1819.PersistData\ESFA.DC.EAS1819.PersistData.csproj", "{AB64AB67-739F-4070-A740-5A8D038077FF}"
EndProject
Project("{FAE04EC0-301F-11D3-BF4B-00C04F79EFBC}") = "ESFA.DC.EAS1819.PersistData.Test", "ESFA.DC.EAS1819.PersistData.Test\ESFA.DC.EAS1819.PersistData.Test.csproj", "{06953CC4-6E93-4D94-96F0-19E53964EDE1}"
EndProject
Global
	GlobalSection(SolutionConfigurationPlatforms) = preSolution
		Debug|Any CPU = Debug|Any CPU
		Release|Any CPU = Release|Any CPU
	EndGlobalSection
	GlobalSection(ProjectConfigurationPlatforms) = postSolution
		{B5C20D2D-0F5D-4D07-833C-1F444F0F0780}.Debug|Any CPU.ActiveCfg = Debug|Any CPU
		{B5C20D2D-0F5D-4D07-833C-1F444F0F0780}.Debug|Any CPU.Build.0 = Debug|Any CPU
		{B5C20D2D-0F5D-4D07-833C-1F444F0F0780}.Debug|Any CPU.Deploy.0 = Debug|Any CPU
		{B5C20D2D-0F5D-4D07-833C-1F444F0F0780}.Release|Any CPU.ActiveCfg = Release|Any CPU
		{B5C20D2D-0F5D-4D07-833C-1F444F0F0780}.Release|Any CPU.Build.0 = Release|Any CPU
		{B5C20D2D-0F5D-4D07-833C-1F444F0F0780}.Release|Any CPU.Deploy.0 = Release|Any CPU
		{32B0AADD-B3B4-49C9-87E7-2EF50064E145}.Debug|Any CPU.ActiveCfg = Debug|Any CPU
		{32B0AADD-B3B4-49C9-87E7-2EF50064E145}.Debug|Any CPU.Build.0 = Debug|Any CPU
		{32B0AADD-B3B4-49C9-87E7-2EF50064E145}.Release|Any CPU.ActiveCfg = Release|Any CPU
		{32B0AADD-B3B4-49C9-87E7-2EF50064E145}.Release|Any CPU.Build.0 = Release|Any CPU
		{6F50238C-FB3B-4C84-9603-DE7619ABFB9A}.Debug|Any CPU.ActiveCfg = Debug|Any CPU
		{6F50238C-FB3B-4C84-9603-DE7619ABFB9A}.Debug|Any CPU.Build.0 = Debug|Any CPU
		{6F50238C-FB3B-4C84-9603-DE7619ABFB9A}.Release|Any CPU.ActiveCfg = Release|Any CPU
		{6F50238C-FB3B-4C84-9603-DE7619ABFB9A}.Release|Any CPU.Build.0 = Release|Any CPU
		{A473D742-3E55-40D8-876B-DC32AA7E7700}.Debug|Any CPU.ActiveCfg = Debug|Any CPU
		{A473D742-3E55-40D8-876B-DC32AA7E7700}.Debug|Any CPU.Build.0 = Debug|Any CPU
		{A473D742-3E55-40D8-876B-DC32AA7E7700}.Release|Any CPU.ActiveCfg = Release|Any CPU
		{A473D742-3E55-40D8-876B-DC32AA7E7700}.Release|Any CPU.Build.0 = Release|Any CPU
		{AB64AB67-739F-4070-A740-5A8D038077FF}.Debug|Any CPU.ActiveCfg = Debug|Any CPU
		{AB64AB67-739F-4070-A740-5A8D038077FF}.Debug|Any CPU.Build.0 = Debug|Any CPU
		{AB64AB67-739F-4070-A740-5A8D038077FF}.Release|Any CPU.ActiveCfg = Release|Any CPU
		{AB64AB67-739F-4070-A740-5A8D038077FF}.Release|Any CPU.Build.0 = Release|Any CPU
		{06953CC4-6E93-4D94-96F0-19E53964EDE1}.Debug|Any CPU.ActiveCfg = Debug|Any CPU
		{06953CC4-6E93-4D94-96F0-19E53964EDE1}.Debug|Any CPU.Build.0 = Debug|Any CPU
		{06953CC4-6E93-4D94-96F0-19E53964EDE1}.Release|Any CPU.ActiveCfg = Release|Any CPU
		{06953CC4-6E93-4D94-96F0-19E53964EDE1}.Release|Any CPU.Build.0 = Release|Any CPU
	EndGlobalSection
	GlobalSection(SolutionProperties) = preSolution
		HideSolutionNode = FALSE
	EndGlobalSection
	GlobalSection(ExtensibilityGlobals) = postSolution
		SolutionGuid = {E7267429-F54A-48AF-B18E-80A53D2F0947}
	EndGlobalSection
EndGlobal
